{
    "version": 3,
    "terraform_version": "0.11.7",
    "serial": 10,
    "lineage": "1daa8f94-2cf3-476e-81f9-fa2d7c394069",
    "modules": [
        {
            "path": [
                "root"
            ],
            "outputs": {},
            "resources": {},
            "depends_on": []
        },
        {
            "path": [
                "root",
                "database"
            ],
            "outputs": {},
            "resources": {
                "aws_db_instance.database": {
                    "type": "aws_db_instance",
                    "depends_on": [
                        "aws_db_subnet_group.rds_subnet_group",
                        "aws_security_group.rds_sg"
                    ],
                    "primary": {
                        "id": "challenge-database",
                        "attributes": {
                            "address": "challenge-database.ctpkebxih4ok.us-east-2.rds.amazonaws.com",
                            "allocated_storage": "20",
                            "arn": "arn:aws:rds:us-east-2:129973967250:db:challenge-database",
                            "auto_minor_version_upgrade": "true",
                            "availability_zone": "us-east-2a",
                            "backup_retention_period": "0",
                            "backup_window": "10:17-10:47",
                            "ca_cert_identifier": "rds-ca-2015",
                            "copy_tags_to_snapshot": "false",
                            "db_subnet_group_name": "challenge-rds-subnet-group",
                            "enabled_cloudwatch_logs_exports.#": "0",
                            "endpoint": "challenge-database.ctpkebxih4ok.us-east-2.rds.amazonaws.com:5432",
                            "engine": "postgres",
                            "engine_version": "9.6.6",
                            "hosted_zone_id": "Z2XHWR1WZ565X2",
                            "iam_database_authentication_enabled": "false",
                            "id": "challenge-database",
                            "identifier": "challenge-database",
                            "instance_class": "db.t2.micro",
                            "iops": "0",
                            "kms_key_id": "",
                            "license_model": "postgresql-license",
                            "maintenance_window": "sun:07:51-sun:08:21",
                            "monitoring_interval": "0",
                            "multi_az": "false",
                            "name": "challenge",
                            "option_group_name": "default:postgres-9-6",
                            "parameter_group_name": "default.postgres9.6",
                            "password": "DevOps01",
                            "port": "5432",
                            "publicly_accessible": "false",
                            "replicas.#": "0",
                            "replicate_source_db": "",
                            "resource_id": "db-N3ASIAGQXYKZX5NC3KVSG6S44I",
                            "security_group_names.#": "0",
                            "skip_final_snapshot": "true",
                            "status": "available",
                            "storage_encrypted": "false",
                            "storage_type": "standard",
                            "tags.%": "1",
                            "tags.Environment": "challenge",
                            "timezone": "",
                            "username": "DevOps01",
                            "vpc_security_group_ids.#": "1",
                            "vpc_security_group_ids.3584373189": "sg-0dc4c696cd5977de3"
                        },
                        "meta": {
                            "e2bfb730-ecaa-11e6-8f88-34363bc7c4c0": {
                                "create": 2400000000000,
                                "delete": 2400000000000,
                                "update": 4800000000000
                            }
                        },
                        "tainted": false
                    },
                    "deposed": [],
                    "provider": "provider.aws"
                },
                "aws_db_subnet_group.rds_subnet_group": {
                    "type": "aws_db_subnet_group",
                    "depends_on": [],
                    "primary": {
                        "id": "challenge-rds-subnet-group",
                        "attributes": {
                            "arn": "arn:aws:rds:us-east-2:129973967250:subgrp:challenge-rds-subnet-group",
                            "description": "RDS subnet group",
                            "id": "challenge-rds-subnet-group",
                            "name": "challenge-rds-subnet-group",
                            "subnet_ids.#": "2",
                            "subnet_ids.2235693531": "subnet-05287564fcac08d6a",
                            "subnet_ids.2689790053": "subnet-020c8e554f055a740",
                            "tags.%": "1",
                            "tags.Environment": "challenge"
                        },
                        "meta": {},
                        "tainted": false
                    },
                    "deposed": [],
                    "provider": "provider.aws"
                },
                "aws_security_group.db_access_sg": {
                    "type": "aws_security_group",
                    "depends_on": [],
                    "primary": {
                        "id": "sg-0822649805b28eff6",
                        "attributes": {
                            "arn": "arn:aws:ec2:us-east-2:129973967250:security-group/sg-0822649805b28eff6",
                            "description": "Allow access to RDS",
                            "egress.#": "0",
                            "id": "sg-0822649805b28eff6",
                            "ingress.#": "0",
                            "name": "challenge-db-access-sg",
                            "owner_id": "129973967250",
                            "revoke_rules_on_delete": "false",
                            "tags.%": "2",
                            "tags.Environment": "challenge",
                            "tags.Name": "challenge-db-access-sg",
                            "vpc_id": "vpc-0faa89162d4fea839"
                        },
                        "meta": {
                            "e2bfb730-ecaa-11e6-8f88-34363bc7c4c0": {
                                "create": 600000000000,
                                "delete": 600000000000
                            },
                            "schema_version": "1"
                        },
                        "tainted": false
                    },
                    "deposed": [],
                    "provider": "provider.aws"
                },
                "aws_security_group.rds_sg": {
                    "type": "aws_security_group",
                    "depends_on": [
                        "aws_security_group.db_access_sg"
                    ],
                    "primary": {
                        "id": "sg-0dc4c696cd5977de3",
                        "attributes": {
                            "arn": "arn:aws:ec2:us-east-2:129973967250:security-group/sg-0dc4c696cd5977de3",
                            "description": "challenge Security Group",
                            "egress.#": "1",
                            "egress.482069346.cidr_blocks.#": "1",
                            "egress.482069346.cidr_blocks.0": "0.0.0.0/0",
                            "egress.482069346.description": "",
                            "egress.482069346.from_port": "0",
                            "egress.482069346.ipv6_cidr_blocks.#": "0",
                            "egress.482069346.prefix_list_ids.#": "0",
                            "egress.482069346.protocol": "-1",
                            "egress.482069346.security_groups.#": "0",
                            "egress.482069346.self": "false",
                            "egress.482069346.to_port": "0",
                            "id": "sg-0dc4c696cd5977de3",
                            "ingress.#": "2",
                            "ingress.3705490730.cidr_blocks.#": "0",
                            "ingress.3705490730.description": "",
                            "ingress.3705490730.from_port": "5432",
                            "ingress.3705490730.ipv6_cidr_blocks.#": "0",
                            "ingress.3705490730.protocol": "tcp",
                            "ingress.3705490730.security_groups.#": "1",
                            "ingress.3705490730.security_groups.1985543808": "sg-0822649805b28eff6",
                            "ingress.3705490730.self": "false",
                            "ingress.3705490730.to_port": "5432",
                            "ingress.753360330.cidr_blocks.#": "0",
                            "ingress.753360330.description": "",
                            "ingress.753360330.from_port": "0",
                            "ingress.753360330.ipv6_cidr_blocks.#": "0",
                            "ingress.753360330.protocol": "-1",
                            "ingress.753360330.security_groups.#": "0",
                            "ingress.753360330.self": "true",
                            "ingress.753360330.to_port": "0",
                            "name": "challenge-rds-sg",
                            "owner_id": "129973967250",
                            "revoke_rules_on_delete": "false",
                            "tags.%": "2",
                            "tags.Environment": "challenge",
                            "tags.Name": "challenge-rds-sg",
                            "vpc_id": "vpc-0faa89162d4fea839"
                        },
                        "meta": {
                            "e2bfb730-ecaa-11e6-8f88-34363bc7c4c0": {
                                "create": 600000000000,
                                "delete": 600000000000
                            },
                            "schema_version": "1"
                        },
                        "tainted": false
                    },
                    "deposed": [],
                    "provider": "provider.aws"
                }
            },
            "depends_on": []
        },
        {
            "path": [
                "root",
                "network"
            ],
            "outputs": {
                "default_sg_id": {
                    "sensitive": false,
                    "type": "string",
                    "value": "sg-0ea35808961545a1e"
                },
                "private_subnets_id": {
                    "sensitive": false,
                    "type": "list",
                    "value": [
                        "subnet-05287564fcac08d6a",
                        "subnet-020c8e554f055a740"
                    ]
                },
                "public_subnets_id": {
                    "sensitive": false,
                    "type": "list",
                    "value": [
                        "subnet-07bbd5d3e6e553034"
                    ]
                },
                "security_groups_ids": {
                    "sensitive": false,
                    "type": "list",
                    "value": [
                        "sg-0ea35808961545a1e"
                    ]
                },
                "vpc_id": {
                    "sensitive": false,
                    "type": "string",
                    "value": "vpc-0faa89162d4fea839"
                }
            },
            "resources": {
                "aws_eip.nat_eip": {
                    "type": "aws_eip",
                    "depends_on": [
                        "aws_internet_gateway.challengeIG"
                    ],
                    "primary": {
                        "id": "eipalloc-00271c3348eb8aff3",
                        "attributes": {
                            "association_id": "eipassoc-fa73d506",
                            "domain": "vpc",
                            "id": "eipalloc-00271c3348eb8aff3",
                            "instance": "",
                            "network_interface": "eni-c77d0296",
                            "private_ip": "10.0.1.41",
                            "public_ip": "18.188.79.219",
                            "tags.%": "0",
                            "vpc": "true"
                        },
                        "meta": {
                            "e2bfb730-ecaa-11e6-8f88-34363bc7c4c0": {
                                "delete": 180000000000,
                                "read": 900000000000,
                                "update": 300000000000
                            }
                        },
                        "tainted": false
                    },
                    "deposed": [],
                    "provider": "provider.aws"
                },
                "aws_internet_gateway.challengeIG": {
                    "type": "aws_internet_gateway",
                    "depends_on": [
                        "aws_vpc.challengeVPC"
                    ],
                    "primary": {
                        "id": "igw-05a4ea529d72ee1c4",
                        "attributes": {
                            "id": "igw-05a4ea529d72ee1c4",
                            "tags.%": "1",
                            "tags.Name": "challengeIG",
                            "vpc_id": "vpc-0faa89162d4fea839"
                        },
                        "meta": {},
                        "tainted": false
                    },
                    "deposed": [],
                    "provider": "provider.aws"
                },
                "aws_nat_gateway.nat": {
                    "type": "aws_nat_gateway",
                    "depends_on": [
                        "aws_eip.nat_eip",
                        "aws_internet_gateway.challengeIG",
                        "aws_subnet.challenge-PubSN.*"
                    ],
                    "primary": {
                        "id": "nat-0f90208a4665b8e25",
                        "attributes": {
                            "allocation_id": "eipalloc-00271c3348eb8aff3",
                            "id": "nat-0f90208a4665b8e25",
                            "network_interface_id": "eni-c77d0296",
                            "private_ip": "10.0.1.41",
                            "public_ip": "18.188.79.219",
                            "subnet_id": "subnet-07bbd5d3e6e553034",
                            "tags.%": "2",
                            "tags.Environment": "challenge",
                            "tags.Name": "challenge-us-east-2a-nat"
                        },
                        "meta": {},
                        "tainted": false
                    },
                    "deposed": [],
                    "provider": "provider.aws"
                },
                "aws_route_table.challenge-PrivSN-RT": {
                    "type": "aws_route_table",
                    "depends_on": [
                        "aws_internet_gateway.challengeIG",
                        "aws_vpc.challengeVPC"
                    ],
                    "primary": {
                        "id": "rtb-017e9a944fc9d78ca",
                        "attributes": {
                            "id": "rtb-017e9a944fc9d78ca",
                            "propagating_vgws.#": "0",
                            "route.#": "1",
                            "route.2184910700.cidr_block": "0.0.0.0/0",
                            "route.2184910700.egress_only_gateway_id": "",
                            "route.2184910700.gateway_id": "igw-05a4ea529d72ee1c4",
                            "route.2184910700.instance_id": "",
                            "route.2184910700.ipv6_cidr_block": "",
                            "route.2184910700.nat_gateway_id": "",
                            "route.2184910700.network_interface_id": "",
                            "route.2184910700.vpc_peering_connection_id": "",
                            "tags.%": "2",
                            "tags.Environment": "challenge",
                            "tags.Name": "challenge-private-route-table",
                            "vpc_id": "vpc-0faa89162d4fea839"
                        },
                        "meta": {},
                        "tainted": false
                    },
                    "deposed": [],
                    "provider": "provider.aws"
                },
                "aws_route_table.challenge-PubSN-RT": {
                    "type": "aws_route_table",
                    "depends_on": [
                        "aws_internet_gateway.challengeIG",
                        "aws_vpc.challengeVPC"
                    ],
                    "primary": {
                        "id": "rtb-04f5d4649846a4644",
                        "attributes": {
                            "id": "rtb-04f5d4649846a4644",
                            "propagating_vgws.#": "0",
                            "route.#": "1",
                            "route.2184910700.cidr_block": "0.0.0.0/0",
                            "route.2184910700.egress_only_gateway_id": "",
                            "route.2184910700.gateway_id": "igw-05a4ea529d72ee1c4",
                            "route.2184910700.instance_id": "",
                            "route.2184910700.ipv6_cidr_block": "",
                            "route.2184910700.nat_gateway_id": "",
                            "route.2184910700.network_interface_id": "",
                            "route.2184910700.vpc_peering_connection_id": "",
                            "tags.%": "2",
                            "tags.Environment": "challenge",
                            "tags.Name": "challenge-public-route-table",
                            "vpc_id": "vpc-0faa89162d4fea839"
                        },
                        "meta": {},
                        "tainted": false
                    },
                    "deposed": [],
                    "provider": "provider.aws"
                },
                "aws_route_table_association.challenge-PrivSN-RTAssn.0": {
                    "type": "aws_route_table_association",
                    "depends_on": [
                        "aws_route_table.challenge-PrivSN-RT",
                        "aws_subnet.challenge-PrivSN.*"
                    ],
                    "primary": {
                        "id": "rtbassoc-02a908dbec9361fe6",
                        "attributes": {
                            "id": "rtbassoc-02a908dbec9361fe6",
                            "route_table_id": "rtb-017e9a944fc9d78ca",
                            "subnet_id": "subnet-05287564fcac08d6a"
                        },
                        "meta": {},
                        "tainted": false
                    },
                    "deposed": [],
                    "provider": "provider.aws"
                },
                "aws_route_table_association.challenge-PrivSN-RTAssn.1": {
                    "type": "aws_route_table_association",
                    "depends_on": [
                        "aws_route_table.challenge-PrivSN-RT",
                        "aws_subnet.challenge-PrivSN.*"
                    ],
                    "primary": {
                        "id": "rtbassoc-07a1f1f61fa146dc4",
                        "attributes": {
                            "id": "rtbassoc-07a1f1f61fa146dc4",
                            "route_table_id": "rtb-017e9a944fc9d78ca",
                            "subnet_id": "subnet-020c8e554f055a740"
                        },
                        "meta": {},
                        "tainted": false
                    },
                    "deposed": [],
                    "provider": "provider.aws"
                },
                "aws_route_table_association.challenge-PubSN-RTAssn": {
                    "type": "aws_route_table_association",
                    "depends_on": [
                        "aws_route_table.challenge-PubSN-RT",
                        "aws_subnet.challenge-PubSN"
                    ],
                    "primary": {
                        "id": "rtbassoc-0f74beb0963227aa9",
                        "attributes": {
                            "id": "rtbassoc-0f74beb0963227aa9",
                            "route_table_id": "rtb-04f5d4649846a4644",
                            "subnet_id": "subnet-07bbd5d3e6e553034"
                        },
                        "meta": {},
                        "tainted": false
                    },
                    "deposed": [],
                    "provider": "provider.aws"
                },
                "aws_security_group.default": {
                    "type": "aws_security_group",
                    "depends_on": [
                        "aws_vpc.challengeVPC"
                    ],
                    "primary": {
                        "id": "sg-0ea35808961545a1e",
                        "attributes": {
                            "arn": "arn:aws:ec2:us-east-2:129973967250:security-group/sg-0ea35808961545a1e",
                            "description": "Default security group to allow inbound/outbound from the VPC",
                            "egress.#": "1",
                            "egress.753360330.cidr_blocks.#": "0",
                            "egress.753360330.description": "",
                            "egress.753360330.from_port": "0",
                            "egress.753360330.ipv6_cidr_blocks.#": "0",
                            "egress.753360330.prefix_list_ids.#": "0",
                            "egress.753360330.protocol": "-1",
                            "egress.753360330.security_groups.#": "0",
                            "egress.753360330.self": "true",
                            "egress.753360330.to_port": "0",
                            "id": "sg-0ea35808961545a1e",
                            "ingress.#": "1",
                            "ingress.753360330.cidr_blocks.#": "0",
                            "ingress.753360330.description": "",
                            "ingress.753360330.from_port": "0",
                            "ingress.753360330.ipv6_cidr_blocks.#": "0",
                            "ingress.753360330.protocol": "-1",
                            "ingress.753360330.security_groups.#": "0",
                            "ingress.753360330.self": "true",
                            "ingress.753360330.to_port": "0",
                            "name": "challenge-default-sg",
                            "owner_id": "129973967250",
                            "revoke_rules_on_delete": "false",
                            "tags.%": "1",
                            "tags.Environment": "challenge",
                            "vpc_id": "vpc-0faa89162d4fea839"
                        },
                        "meta": {
                            "e2bfb730-ecaa-11e6-8f88-34363bc7c4c0": {
                                "create": 600000000000,
                                "delete": 600000000000
                            },
                            "schema_version": "1"
                        },
                        "tainted": false
                    },
                    "deposed": [],
                    "provider": "provider.aws"
                },
                "aws_subnet.challenge-PrivSN.0": {
                    "type": "aws_subnet",
                    "depends_on": [
                        "aws_vpc.challengeVPC"
                    ],
                    "primary": {
                        "id": "subnet-05287564fcac08d6a",
                        "attributes": {
                            "assign_ipv6_address_on_creation": "false",
                            "availability_zone": "us-east-2a",
                            "cidr_block": "10.0.10.0/24",
                            "id": "subnet-05287564fcac08d6a",
                            "map_public_ip_on_launch": "false",
                            "tags.%": "2",
                            "tags.Environment": "challenge",
                            "tags.Name": "challenge-us-east-2a-private-subnet",
                            "vpc_id": "vpc-0faa89162d4fea839"
                        },
                        "meta": {
                            "schema_version": "1"
                        },
                        "tainted": false
                    },
                    "deposed": [],
                    "provider": "provider.aws"
                },
                "aws_subnet.challenge-PrivSN.1": {
                    "type": "aws_subnet",
                    "depends_on": [
                        "aws_vpc.challengeVPC"
                    ],
                    "primary": {
                        "id": "subnet-020c8e554f055a740",
                        "attributes": {
                            "assign_ipv6_address_on_creation": "false",
                            "availability_zone": "us-east-2b",
                            "cidr_block": "10.0.20.0/24",
                            "id": "subnet-020c8e554f055a740",
                            "map_public_ip_on_launch": "false",
                            "tags.%": "2",
                            "tags.Environment": "challenge",
                            "tags.Name": "challenge-us-east-2b-private-subnet",
                            "vpc_id": "vpc-0faa89162d4fea839"
                        },
                        "meta": {
                            "schema_version": "1"
                        },
                        "tainted": false
                    },
                    "deposed": [],
                    "provider": "provider.aws"
                },
                "aws_subnet.challenge-PubSN": {
                    "type": "aws_subnet",
                    "depends_on": [
                        "aws_vpc.challengeVPC"
                    ],
                    "primary": {
                        "id": "subnet-07bbd5d3e6e553034",
                        "attributes": {
                            "assign_ipv6_address_on_creation": "false",
                            "availability_zone": "us-east-2a",
                            "cidr_block": "10.0.1.0/24",
                            "id": "subnet-07bbd5d3e6e553034",
                            "map_public_ip_on_launch": "true",
                            "tags.%": "2",
                            "tags.Environment": "challenge",
                            "tags.Name": "challenge-us-east-2a-public-subnet",
                            "vpc_id": "vpc-0faa89162d4fea839"
                        },
                        "meta": {
                            "schema_version": "1"
                        },
                        "tainted": false
                    },
                    "deposed": [],
                    "provider": "provider.aws"
                },
                "aws_vpc.challengeVPC": {
                    "type": "aws_vpc",
                    "depends_on": [],
                    "primary": {
                        "id": "vpc-0faa89162d4fea839",
                        "attributes": {
                            "assign_generated_ipv6_cidr_block": "false",
                            "cidr_block": "10.0.0.0/16",
                            "default_network_acl_id": "acl-001d2f463f9a21088",
                            "default_route_table_id": "rtb-0e409a400c031337e",
                            "default_security_group_id": "sg-0b94ae7e7528dede4",
                            "dhcp_options_id": "dopt-0a26a04e33bd03590",
                            "enable_dns_hostnames": "false",
                            "enable_dns_support": "true",
                            "id": "vpc-0faa89162d4fea839",
                            "instance_tenancy": "default",
                            "main_route_table_id": "rtb-0e409a400c031337e",
                            "tags.%": "1",
                            "tags.Name": "devops-challenge VPC"
                        },
                        "meta": {
                            "schema_version": "1"
                        },
                        "tainted": false
                    },
                    "deposed": [],
                    "provider": "provider.aws"
                }
            },
            "depends_on": []
        }
    ]
}
